
Microsoft Visual Studio Solution File, Format Version 12.00
# Visual Studio Version 17
VisualStudioVersion = 17.8.34408.163
MinimumVisualStudioVersion = 10.0.40219.1
Project("{FAE04EC0-301F-11D3-BF4B-00C04F79EFBC}") = "BrynMawrLMS", "BrynMawrLMS.csproj", "{BE2F4DEA-213B-40BD-BFA6-8A55465FF03B}"
EndProject
Global
	GlobalSection(SolutionConfigurationPlatforms) = preSolution
		Debug|Any CPU = Debug|Any CPU
		Release|Any CPU = Release|Any CPU
	EndGlobalSection
	GlobalSection(ProjectConfigurationPlatforms) = postSolution
		{BE2F4DEA-213B-40BD-BFA6-8A55465FF03B}.Debug|Any CPU.ActiveCfg = Debug|Any CPU
		{BE2F4DEA-213B-40BD-BFA6-8A55465FF03B}.Debug|Any CPU.Build.0 = Debug|Any CPU
		{BE2F4DEA-213B-40BD-BFA6-8A55465FF03B}.Release|Any CPU.ActiveCfg = Release|Any CPU
		{BE2F4DEA-213B-40BD-BFA6-8A55465FF03B}.Release|Any CPU.Build.0 = Release|Any CPU
	EndGlobalSection
	GlobalSection(SolutionProperties) = preSolution
		HideSolutionNode = FALSE
	EndGlobalSection
	GlobalSection(ExtensibilityGlobals) = postSolution
		SolutionGuid = {F7A60080-B4FA-4681-887C-1ABF8D9C7746}
	EndGlobalSection
EndGlobal
